
Microsoft Visual Studio Solution File, Format Version 12.00
# Visual Studio Version 17
VisualStudioVersion = 17.12.35521.163
MinimumVisualStudioVersion = 10.0.40219.1
Project("{2150E333-8FDC-42A3-9474-1A3956D46DE8}") = "Services", "Services", "{DF6B309F-9C39-4D9E-9E59-D46429BF6E42}"
EndProject
Project("{2150E333-8FDC-42A3-9474-1A3956D46DE8}") = "Auth", "Auth", "{8C47F7EB-134B-4EAF-8E9B-DD201176FFC4}"
EndProject
Project("{FAE04EC0-301F-11D3-BF4B-00C04F79EFBC}") = "Auth.API", "Services\Auth\Auth.API\Auth.API.csproj", "{88A4DDFF-D69D-44E8-B39A-1E522BC3F73B}"
EndProject
Project("{FAE04EC0-301F-11D3-BF4B-00C04F79EFBC}") = "Auth.Application", "Services\Auth\Auth.Application\Auth.Application.csproj", "{D45E5EC4-6324-4263-9A8C-7E9D4064ECB9}"
EndProject
Project("{FAE04EC0-301F-11D3-BF4B-00C04F79EFBC}") = "Auth.Domain", "Services\Auth\Auth.Core\Auth.Domain.csproj", "{60B72D45-A46D-4720-9227-D36713567EB1}"
EndProject
Project("{FAE04EC0-301F-11D3-BF4B-00C04F79EFBC}") = "Auth.Infrastructure", "Services\Auth\Auth.Infrastructure\Auth.Infrastructure.csproj", "{9E0CB6AE-16F1-4893-B7B8-D405B64E918A}"
EndProject
Project("{E53339B2-1760-4266-BCC7-CA923CBCF16C}") = "docker-compose", "docker-compose.dcproj", "{81DDED9D-158B-E303-5F62-77A2896D2A5A}"
EndProject
Project("{2150E333-8FDC-42A3-9474-1A3956D46DE8}") = "Post", "Post", "{02EA681E-C7D8-13C7-8484-4AC65E1B71E8}"
EndProject
Project("{FAE04EC0-301F-11D3-BF4B-00C04F79EFBC}") = "Post.API", "Services\Post\Post.API\Post.API.csproj", "{0BF86B7D-90FC-4F1A-B519-C98CB704DDDA}"
EndProject
Project("{FAE04EC0-301F-11D3-BF4B-00C04F79EFBC}") = "Post.Application", "Services\Post\Post.Core\Post.Application.csproj", "{482BC892-71CD-4609-B384-7BFDC1A56A25}"
EndProject
Project("{FAE04EC0-301F-11D3-BF4B-00C04F79EFBC}") = "Post.Domain", "Services\Post\Post.Domain\Post.Domain.csproj", "{C35F8E4A-6C1E-47D5-9EE2-E6587EA0DD78}"
EndProject
Project("{FAE04EC0-301F-11D3-BF4B-00C04F79EFBC}") = "Post.Infrastructure", "Services\Post\Post.Infrastructure\Post.Infrastructure.csproj", "{92709C6C-6367-4F25-A433-D42571E3A8F5}"
EndProject
Project("{2150E333-8FDC-42A3-9474-1A3956D46DE8}") = "FileManager", "FileManager", "{257D3E89-C5B9-4DF4-9C37-830CBB3D9F43}"
EndProject
Project("{FAE04EC0-301F-11D3-BF4B-00C04F79EFBC}") = "FileManager.API", "Services\FileManager\FileManager.API\FileManager.API.csproj", "{C333BE30-336C-411D-9D25-DE49392CB0BA}"
EndProject
Project("{FAE04EC0-301F-11D3-BF4B-00C04F79EFBC}") = "FileManager.Infrastructure", "Services\FileManager\FileManager.Infrastructure\FileManager.Infrastructure.csproj", "{5F6B2951-4FC4-45F3-B810-A56BA13EE875}"
EndProject
Project("{FAE04EC0-301F-11D3-BF4B-00C04F79EFBC}") = "FileManager.Domain", ""C:\PetProject\Nyashagram\Services\FileManager\FileManager.Domain\FileManager.Domain.csproj"", "{9F5C97E8-8964-4827-B5B7-B88A1878B812}"
EndProject
Project("{FAE04EC0-301F-11D3-BF4B-00C04F79EFBC}") = "FileManager.Application", "Services\FileManager\FileManager.Application\FileManager.Application.csproj", "{AF3409F5-2816-4C85-ACF4-136633B09158}"
EndProject
Project("{2150E333-8FDC-42A3-9474-1A3956D46DE8}") = "ImageFolder", "ImageFolder", "{DFC48758-3EBA-4854-84A2-4B89891498B0}"
EndProject
Global
	GlobalSection(SolutionConfigurationPlatforms) = preSolution
		Debug|Any CPU = Debug|Any CPU
		Release|Any CPU = Release|Any CPU
	EndGlobalSection
	GlobalSection(ProjectConfigurationPlatforms) = postSolution
		{88A4DDFF-D69D-44E8-B39A-1E522BC3F73B}.Debug|Any CPU.ActiveCfg = Debug|Any CPU
		{88A4DDFF-D69D-44E8-B39A-1E522BC3F73B}.Debug|Any CPU.Build.0 = Debug|Any CPU
		{88A4DDFF-D69D-44E8-B39A-1E522BC3F73B}.Release|Any CPU.ActiveCfg = Release|Any CPU
		{88A4DDFF-D69D-44E8-B39A-1E522BC3F73B}.Release|Any CPU.Build.0 = Release|Any CPU
		{D45E5EC4-6324-4263-9A8C-7E9D4064ECB9}.Debug|Any CPU.ActiveCfg = Debug|Any CPU
		{D45E5EC4-6324-4263-9A8C-7E9D4064ECB9}.Debug|Any CPU.Build.0 = Debug|Any CPU
		{D45E5EC4-6324-4263-9A8C-7E9D4064ECB9}.Release|Any CPU.ActiveCfg = Release|Any CPU
		{D45E5EC4-6324-4263-9A8C-7E9D4064ECB9}.Release|Any CPU.Build.0 = Release|Any CPU
		{60B72D45-A46D-4720-9227-D36713567EB1}.Debug|Any CPU.ActiveCfg = Debug|Any CPU
		{60B72D45-A46D-4720-9227-D36713567EB1}.Debug|Any CPU.Build.0 = Debug|Any CPU
		{60B72D45-A46D-4720-9227-D36713567EB1}.Release|Any CPU.ActiveCfg = Release|Any CPU
		{60B72D45-A46D-4720-9227-D36713567EB1}.Release|Any CPU.Build.0 = Release|Any CPU
		{9E0CB6AE-16F1-4893-B7B8-D405B64E918A}.Debug|Any CPU.ActiveCfg = Debug|Any CPU
		{9E0CB6AE-16F1-4893-B7B8-D405B64E918A}.Debug|Any CPU.Build.0 = Debug|Any CPU
		{9E0CB6AE-16F1-4893-B7B8-D405B64E918A}.Release|Any CPU.ActiveCfg = Release|Any CPU
		{9E0CB6AE-16F1-4893-B7B8-D405B64E918A}.Release|Any CPU.Build.0 = Release|Any CPU
		{81DDED9D-158B-E303-5F62-77A2896D2A5A}.Debug|Any CPU.ActiveCfg = Debug|Any CPU
		{81DDED9D-158B-E303-5F62-77A2896D2A5A}.Debug|Any CPU.Build.0 = Debug|Any CPU
		{81DDED9D-158B-E303-5F62-77A2896D2A5A}.Release|Any CPU.ActiveCfg = Release|Any CPU
		{81DDED9D-158B-E303-5F62-77A2896D2A5A}.Release|Any CPU.Build.0 = Release|Any CPU
		{0BF86B7D-90FC-4F1A-B519-C98CB704DDDA}.Debug|Any CPU.ActiveCfg = Debug|Any CPU
		{0BF86B7D-90FC-4F1A-B519-C98CB704DDDA}.Debug|Any CPU.Build.0 = Debug|Any CPU
		{0BF86B7D-90FC-4F1A-B519-C98CB704DDDA}.Release|Any CPU.ActiveCfg = Release|Any CPU
		{0BF86B7D-90FC-4F1A-B519-C98CB704DDDA}.Release|Any CPU.Build.0 = Release|Any CPU
		{482BC892-71CD-4609-B384-7BFDC1A56A25}.Debug|Any CPU.ActiveCfg = Debug|Any CPU
		{482BC892-71CD-4609-B384-7BFDC1A56A25}.Debug|Any CPU.Build.0 = Debug|Any CPU
		{482BC892-71CD-4609-B384-7BFDC1A56A25}.Release|Any CPU.ActiveCfg = Release|Any CPU
		{482BC892-71CD-4609-B384-7BFDC1A56A25}.Release|Any CPU.Build.0 = Release|Any CPU
		{C35F8E4A-6C1E-47D5-9EE2-E6587EA0DD78}.Debug|Any CPU.ActiveCfg = Debug|Any CPU
		{C35F8E4A-6C1E-47D5-9EE2-E6587EA0DD78}.Debug|Any CPU.Build.0 = Debug|Any CPU
		{C35F8E4A-6C1E-47D5-9EE2-E6587EA0DD78}.Release|Any CPU.ActiveCfg = Release|Any CPU
		{C35F8E4A-6C1E-47D5-9EE2-E6587EA0DD78}.Release|Any CPU.Build.0 = Release|Any CPU
		{92709C6C-6367-4F25-A433-D42571E3A8F5}.Debug|Any CPU.ActiveCfg = Debug|Any CPU
		{92709C6C-6367-4F25-A433-D42571E3A8F5}.Debug|Any CPU.Build.0 = Debug|Any CPU
		{92709C6C-6367-4F25-A433-D42571E3A8F5}.Release|Any CPU.ActiveCfg = Release|Any CPU
		{92709C6C-6367-4F25-A433-D42571E3A8F5}.Release|Any CPU.Build.0 = Release|Any CPU
		{C333BE30-336C-411D-9D25-DE49392CB0BA}.Debug|Any CPU.ActiveCfg = Debug|Any CPU
		{C333BE30-336C-411D-9D25-DE49392CB0BA}.Debug|Any CPU.Build.0 = Debug|Any CPU
		{C333BE30-336C-411D-9D25-DE49392CB0BA}.Release|Any CPU.ActiveCfg = Release|Any CPU
		{C333BE30-336C-411D-9D25-DE49392CB0BA}.Release|Any CPU.Build.0 = Release|Any CPU
		{5F6B2951-4FC4-45F3-B810-A56BA13EE875}.Debug|Any CPU.ActiveCfg = Debug|Any CPU
		{5F6B2951-4FC4-45F3-B810-A56BA13EE875}.Debug|Any CPU.Build.0 = Debug|Any CPU
		{5F6B2951-4FC4-45F3-B810-A56BA13EE875}.Release|Any CPU.ActiveCfg = Release|Any CPU
		{5F6B2951-4FC4-45F3-B810-A56BA13EE875}.Release|Any CPU.Build.0 = Release|Any CPU
		{9F5C97E8-8964-4827-B5B7-B88A1878B812}.Debug|Any CPU.ActiveCfg = Debug|Any CPU
		{9F5C97E8-8964-4827-B5B7-B88A1878B812}.Debug|Any CPU.Build.0 = Debug|Any CPU
		{9F5C97E8-8964-4827-B5B7-B88A1878B812}.Release|Any CPU.ActiveCfg = Release|Any CPU
		{9F5C97E8-8964-4827-B5B7-B88A1878B812}.Release|Any CPU.Build.0 = Release|Any CPU
		{AF3409F5-2816-4C85-ACF4-136633B09158}.Debug|Any CPU.ActiveCfg = Debug|Any CPU
		{AF3409F5-2816-4C85-ACF4-136633B09158}.Debug|Any CPU.Build.0 = Debug|Any CPU
		{AF3409F5-2816-4C85-ACF4-136633B09158}.Release|Any CPU.ActiveCfg = Release|Any CPU
		{AF3409F5-2816-4C85-ACF4-136633B09158}.Release|Any CPU.Build.0 = Release|Any CPU
	EndGlobalSection
	GlobalSection(SolutionProperties) = preSolution
		HideSolutionNode = FALSE
	EndGlobalSection
	GlobalSection(NestedProjects) = preSolution
		{8C47F7EB-134B-4EAF-8E9B-DD201176FFC4} = {DF6B309F-9C39-4D9E-9E59-D46429BF6E42}
		{88A4DDFF-D69D-44E8-B39A-1E522BC3F73B} = {8C47F7EB-134B-4EAF-8E9B-DD201176FFC4}
		{D45E5EC4-6324-4263-9A8C-7E9D4064ECB9} = {8C47F7EB-134B-4EAF-8E9B-DD201176FFC4}
		{60B72D45-A46D-4720-9227-D36713567EB1} = {8C47F7EB-134B-4EAF-8E9B-DD201176FFC4}
		{9E0CB6AE-16F1-4893-B7B8-D405B64E918A} = {8C47F7EB-134B-4EAF-8E9B-DD201176FFC4}
		{02EA681E-C7D8-13C7-8484-4AC65E1B71E8} = {DF6B309F-9C39-4D9E-9E59-D46429BF6E42}
		{0BF86B7D-90FC-4F1A-B519-C98CB704DDDA} = {02EA681E-C7D8-13C7-8484-4AC65E1B71E8}
		{482BC892-71CD-4609-B384-7BFDC1A56A25} = {02EA681E-C7D8-13C7-8484-4AC65E1B71E8}
		{C35F8E4A-6C1E-47D5-9EE2-E6587EA0DD78} = {02EA681E-C7D8-13C7-8484-4AC65E1B71E8}
		{92709C6C-6367-4F25-A433-D42571E3A8F5} = {02EA681E-C7D8-13C7-8484-4AC65E1B71E8}
		{257D3E89-C5B9-4DF4-9C37-830CBB3D9F43} = {DF6B309F-9C39-4D9E-9E59-D46429BF6E42}
		{C333BE30-336C-411D-9D25-DE49392CB0BA} = {257D3E89-C5B9-4DF4-9C37-830CBB3D9F43}
		{5F6B2951-4FC4-45F3-B810-A56BA13EE875} = {257D3E89-C5B9-4DF4-9C37-830CBB3D9F43}
		{9F5C97E8-8964-4827-B5B7-B88A1878B812} = {257D3E89-C5B9-4DF4-9C37-830CBB3D9F43}
		{AF3409F5-2816-4C85-ACF4-136633B09158} = {257D3E89-C5B9-4DF4-9C37-830CBB3D9F43}
		{DFC48758-3EBA-4854-84A2-4B89891498B0} = {257D3E89-C5B9-4DF4-9C37-830CBB3D9F43}
	EndGlobalSection
	GlobalSection(ExtensibilityGlobals) = postSolution
		SolutionGuid = {D83A3151-3D0F-4DA9-9A78-89816CEBD22A}
	EndGlobalSection
EndGlobal
